// !$*UTF8*$!
{
	archiveVersion = 1;
	classes = {
	};
	objectVersion = 50;
	objects = {

/* Begin PBXBuildFile section */
		D4A6E8B7250075F800393834 /* AppDelegate.swift in Sources */ = {isa = PBXBuildFile; fileRef = D4A6E8B6250075F800393834 /* AppDelegate.swift */; };
		D4A6E8B9250075F800393834 /* SceneDelegate.swift in Sources */ = {isa = PBXBuildFile; fileRef = D4A6E8B8250075F800393834 /* SceneDelegate.swift */; };
		D4A6E8BB250075F800393834 /* ViewController.swift in Sources */ = {isa = PBXBuildFile; fileRef = D4A6E8BA250075F800393834 /* ViewController.swift */; };
		D4A6E8BE250075F800393834 /* Main.storyboard in Resources */ = {isa = PBXBuildFile; fileRef = D4A6E8BC250075F800393834 /* Main.storyboard */; };
		D4A6E8C1250075F800393834 /* AccountsMerge.xcdatamodeld in Sources */ = {isa = PBXBuildFile; fileRef = D4A6E8BF250075F800393834 /* AccountsMerge.xcdatamodeld */; };
		D4A6E8C3250075FB00393834 /* Assets.xcassets in Resources */ = {isa = PBXBuildFile; fileRef = D4A6E8C2250075FB00393834 /* Assets.xcassets */; };
		D4A6E8C6250075FB00393834 /* LaunchScreen.storyboard in Resources */ = {isa = PBXBuildFile; fileRef = D4A6E8C4250075FB00393834 /* LaunchScreen.storyboard */; };
		D4A6E8D1250075FB00393834 /* AccountsMergeTests.swift in Sources */ = {isa = PBXBuildFile; fileRef = D4A6E8D0250075FB00393834 /* AccountsMergeTests.swift */; };
		D4A6E8DC250075FB00393834 /* AccountsMergeUITests.swift in Sources */ = {isa = PBXBuildFile; fileRef = D4A6E8DB250075FB00393834 /* AccountsMergeUITests.swift */; };
/* End PBXBuildFile section */

/* Begin PBXContainerItemProxy section */
		D4A6E8CD250075FB00393834 /* PBXContainerItemProxy */ = {
			isa = PBXContainerItemProxy;
			containerPortal = D4A6E8AB250075F800393834 /* Project object */;
			proxyType = 1;
			remoteGlobalIDString = D4A6E8B2250075F800393834;
			remoteInfo = AccountsMerge;
		};
		D4A6E8D8250075FB00393834 /* PBXContainerItemProxy */ = {
			isa = PBXContainerItemProxy;
			containerPortal = D4A6E8AB250075F800393834 /* Project object */;
			proxyType = 1;
			remoteGlobalIDString = D4A6E8B2250075F800393834;
			remoteInfo = AccountsMerge;
		};
/* End PBXContainerItemProxy section */

/* Begin PBXFileReference section */
		D4A6E8B3250075F800393834 /* AccountsMerge.app */ = {isa = PBXFileReference; explicitFileType = wrapper.application; includeInIndex = 0; path = AccountsMerge.app; sourceTree = BUILT_PRODUCTS_DIR; };
		D4A6E8B6250075F800393834 /* AppDelegate.swift */ = {isa = PBXFileReference; lastKnownFileType = sourcecode.swift; path = AppDelegate.swift; sourceTree = "<group>"; };
		D4A6E8B8250075F800393834 /* SceneDelegate.swift */ = {isa = PBXFileReference; lastKnownFileType = sourcecode.swift; path = SceneDelegate.swift; sourceTree = "<group>"; };
		D4A6E8BA250075F800393834 /* ViewController.swift */ = {isa = PBXFileReference; lastKnownFileType = sourcecode.swift; path = ViewController.swift; sourceTree = "<group>"; };
		D4A6E8BD250075F800393834 /* Base */ = {isa = PBXFileReference; lastKnownFileType = file.storyboard; name = Base; path = Base.lproj/Main.storyboard; sourceTree = "<group>"; };
		D4A6E8C0250075F800393834 /* AccountsMerge.xcdatamodel */ = {isa = PBXFileReference; lastKnownFileType = wrapper.xcdatamodel; path = AccountsMerge.xcdatamodel; sourceTree = "<group>"; };
		D4A6E8C2250075FB00393834 /* Assets.xcassets */ = {isa = PBXFileReference; lastKnownFileType = folder.assetcatalog; path = Assets.xcassets; sourceTree = "<group>"; };
		D4A6E8C5250075FB00393834 /* Base */ = {isa = PBXFileReference; lastKnownFileType = file.storyboard; name = Base; path = Base.lproj/LaunchScreen.storyboard; sourceTree = "<group>"; };
		D4A6E8C7250075FB00393834 /* Info.plist */ = {isa = PBXFileReference; lastKnownFileType = text.plist.xml; path = Info.plist; sourceTree = "<group>"; };
		D4A6E8CC250075FB00393834 /* AccountsMergeTests.xctest */ = {isa = PBXFileReference; explicitFileType = wrapper.cfbundle; includeInIndex = 0; path = AccountsMergeTests.xctest; sourceTree = BUILT_PRODUCTS_DIR; };
		D4A6E8D0250075FB00393834 /* AccountsMergeTests.swift */ = {isa = PBXFileReference; lastKnownFileType = sourcecode.swift; path = AccountsMergeTests.swift; sourceTree = "<group>"; };
		D4A6E8D2250075FB00393834 /* Info.plist */ = {isa = PBXFileReference; lastKnownFileType = text.plist.xml; path = Info.plist; sourceTree = "<group>"; };
		D4A6E8D7250075FB00393834 /* AccountsMergeUITests.xctest */ = {isa = PBXFileReference; explicitFileType = wrapper.cfbundle; includeInIndex = 0; path = AccountsMergeUITests.xctest; sourceTree = BUILT_PRODUCTS_DIR; };
		D4A6E8DB250075FB00393834 /* AccountsMergeUITests.swift */ = {isa = PBXFileReference; lastKnownFileType = sourcecode.swift; path = AccountsMergeUITests.swift; sourceTree = "<group>"; };
		D4A6E8DD250075FB00393834 /* Info.plist */ = {isa = PBXFileReference; lastKnownFileType = text.plist.xml; path = Info.plist; sourceTree = "<group>"; };
/* End PBXFileReference section */

/* Begin PBXFrameworksBuildPhase section */
		D4A6E8B0250075F800393834 /* Frameworks */ = {
			isa = PBXFrameworksBuildPhase;
			buildActionMask = 2147483647;
			files = (
			);
			runOnlyForDeploymentPostprocessing = 0;
		};
		D4A6E8C9250075FB00393834 /* Frameworks */ = {
			isa = PBXFrameworksBuildPhase;
			buildActionMask = 2147483647;
			files = (
			);
			runOnlyForDeploymentPostprocessing = 0;
		};
		D4A6E8D4250075FB00393834 /* Frameworks */ = {
			isa = PBXFrameworksBuildPhase;
			buildActionMask = 2147483647;
			files = (
			);
			runOnlyForDeploymentPostprocessing = 0;
		};
/* End PBXFrameworksBuildPhase section */

/* Begin PBXGroup section */
		D4A6E8AA250075F800393834 = {
			isa = PBXGroup;
			children = (
				D4A6E8B5250075F800393834 /* AccountsMerge */,
				D4A6E8CF250075FB00393834 /* AccountsMergeTests */,
				D4A6E8DA250075FB00393834 /* AccountsMergeUITests */,
				D4A6E8B4250075F800393834 /* Products */,
			);
			sourceTree = "<group>";
		};
		D4A6E8B4250075F800393834 /* Products */ = {
			isa = PBXGroup;
			children = (
				D4A6E8B3250075F800393834 /* AccountsMerge.app */,
				D4A6E8CC250075FB00393834 /* AccountsMergeTests.xctest */,
				D4A6E8D7250075FB00393834 /* AccountsMergeUITests.xctest */,
			);
			name = Products;
			sourceTree = "<group>";
		};
		D4A6E8B5250075F800393834 /* AccountsMerge */ = {
			isa = PBXGroup;
			children = (
				D4A6E8B6250075F800393834 /* AppDelegate.swift */,
				D4A6E8B8250075F800393834 /* SceneDelegate.swift */,
				D4A6E8BA250075F800393834 /* ViewController.swift */,
				D4A6E8BC250075F800393834 /* Main.storyboard */,
				D4A6E8C2250075FB00393834 /* Assets.xcassets */,
				D4A6E8C4250075FB00393834 /* LaunchScreen.storyboard */,
				D4A6E8C7250075FB00393834 /* Info.plist */,
				D4A6E8BF250075F800393834 /* AccountsMerge.xcdatamodeld */,
			);
			path = AccountsMerge;
			sourceTree = "<group>";
		};
		D4A6E8CF250075FB00393834 /* AccountsMergeTests */ = {
			isa = PBXGroup;
			children = (
				D4A6E8D0250075FB00393834 /* AccountsMergeTests.swift */,
				D4A6E8D2250075FB00393834 /* Info.plist */,
			);
			path = AccountsMergeTests;
			sourceTree = "<group>";
		};
		D4A6E8DA250075FB00393834 /* AccountsMergeUITests */ = {
			isa = PBXGroup;
			children = (
				D4A6E8DB250075FB00393834 /* AccountsMergeUITests.swift */,
				D4A6E8DD250075FB00393834 /* Info.plist */,
			);
			path = AccountsMergeUITests;
			sourceTree = "<group>";
		};
/* End PBXGroup section */

/* Begin PBXNativeTarget section */
		D4A6E8B2250075F800393834 /* AccountsMerge */ = {
			isa = PBXNativeTarget;
			buildConfigurationList = D4A6E8E0250075FB00393834 /* Build configuration list for PBXNativeTarget "AccountsMerge" */;
			buildPhases = (
				D4A6E8AF250075F800393834 /* Sources */,
				D4A6E8B0250075F800393834 /* Frameworks */,
				D4A6E8B1250075F800393834 /* Resources */,
			);
			buildRules = (
			);
			dependencies = (
			);
			name = AccountsMerge;
			productName = AccountsMerge;
			productReference = D4A6E8B3250075F800393834 /* AccountsMerge.app */;
			productType = "com.apple.product-type.application";
		};
		D4A6E8CB250075FB00393834 /* AccountsMergeTests */ = {
			isa = PBXNativeTarget;
			buildConfigurationList = D4A6E8E3250075FB00393834 /* Build configuration list for PBXNativeTarget "AccountsMergeTests" */;
			buildPhases = (
				D4A6E8C8250075FB00393834 /* Sources */,
				D4A6E8C9250075FB00393834 /* Frameworks */,
				D4A6E8CA250075FB00393834 /* Resources */,
			);
			buildRules = (
			);
			dependencies = (
				D4A6E8CE250075FB00393834 /* PBXTargetDependency */,
			);
			name = AccountsMergeTests;
			productName = AccountsMergeTests;
			productReference = D4A6E8CC250075FB00393834 /* AccountsMergeTests.xctest */;
			productType = "com.apple.product-type.bundle.unit-test";
		};
		D4A6E8D6250075FB00393834 /* AccountsMergeUITests */ = {
			isa = PBXNativeTarget;
			buildConfigurationList = D4A6E8E6250075FB00393834 /* Build configuration list for PBXNativeTarget "AccountsMergeUITests" */;
			buildPhases = (
				D4A6E8D3250075FB00393834 /* Sources */,
				D4A6E8D4250075FB00393834 /* Frameworks */,
				D4A6E8D5250075FB00393834 /* Resources */,
			);
			buildRules = (
			);
			dependencies = (
				D4A6E8D9250075FB00393834 /* PBXTargetDependency */,
			);
			name = AccountsMergeUITests;
			productName = AccountsMergeUITests;
			productReference = D4A6E8D7250075FB00393834 /* AccountsMergeUITests.xctest */;
			productType = "com.apple.product-type.bundle.ui-testing";
		};
/* End PBXNativeTarget section */

/* Begin PBXProject section */
		D4A6E8AB250075F800393834 /* Project object */ = {
			isa = PBXProject;
			attributes = {
				LastSwiftUpdateCheck = 1160;
				LastUpgradeCheck = 1160;
				ORGANIZATIONNAME = MAHIMA;
				TargetAttributes = {
					D4A6E8B2250075F800393834 = {
						CreatedOnToolsVersion = 11.6;
					};
					D4A6E8CB250075FB00393834 = {
						CreatedOnToolsVersion = 11.6;
						TestTargetID = D4A6E8B2250075F800393834;
					};
					D4A6E8D6250075FB00393834 = {
						CreatedOnToolsVersion = 11.6;
						TestTargetID = D4A6E8B2250075F800393834;
					};
				};
			};
			buildConfigurationList = D4A6E8AE250075F800393834 /* Build configuration list for PBXProject "AccountsMerge" */;
			compatibilityVersion = "Xcode 9.3";
			developmentRegion = en;
			hasScannedForEncodings = 0;
			knownRegions = (
				en,
				Base,
			);
			mainGroup = D4A6E8AA250075F800393834;
			productRefGroup = D4A6E8B4250075F800393834 /* Products */;
			projectDirPath = "";
			projectRoot = "";
			targets = (
				D4A6E8B2250075F800393834 /* AccountsMerge */,
				D4A6E8CB250075FB00393834 /* AccountsMergeTests */,
				D4A6E8D6250075FB00393834 /* AccountsMergeUITests */,
			);
		};
/* End PBXProject section */

/* Begin PBXResourcesBuildPhase section */
		D4A6E8B1250075F800393834 /* Resources */ = {
			isa = PBXResourcesBuildPhase;
			buildActionMask = 2147483647;
			files = (
				D4A6E8C6250075FB00393834 /* LaunchScreen.storyboard in Resources */,
				D4A6E8C3250075FB00393834 /* Assets.xcassets in Resources */,
				D4A6E8BE250075F800393834 /* Main.storyboard in Resources */,
			);
			runOnlyForDeploymentPostprocessing = 0;
		};
		D4A6E8CA250075FB00393834 /* Resources */ = {
			isa = PBXResourcesBuildPhase;
			buildActionMask = 2147483647;
			files = (
			);
			runOnlyForDeploymentPostprocessing = 0;
		};
		D4A6E8D5250075FB00393834 /* Resources */ = {
			isa = PBXResourcesBuildPhase;
			buildActionMask = 2147483647;
			files = (
			);
			runOnlyForDeploymentPostprocessing = 0;
		};
/* End PBXResourcesBuildPhase section */

/* Begin PBXSourcesBuildPhase section */
		D4A6E8AF250075F800393834 /* Sources */ = {
			isa = PBXSourcesBuildPhase;
			buildActionMask = 2147483647;
			files = (
				D4A6E8BB250075F800393834 /* ViewController.swift in Sources */,
				D4A6E8B7250075F800393834 /* AppDelegate.swift in Sources */,
				D4A6E8C1250075F800393834 /* AccountsMerge.xcdatamodeld in Sources */,
				D4A6E8B9250075F800393834 /* SceneDelegate.swift in Sources */,
			);
			runOnlyForDeploymentPostprocessing = 0;
		};
		D4A6E8C8250075FB00393834 /* Sources */ = {
			isa = PBXSourcesBuildPhase;
			buildActionMask = 2147483647;
			files = (
				D4A6E8D1250075FB00393834 /* AccountsMergeTests.swift in Sources */,
			);
			runOnlyForDeploymentPostprocessing = 0;
		};
		D4A6E8D3250075FB00393834 /* Sources */ = {
			isa = PBXSourcesBuildPhase;
			buildActionMask = 2147483647;
			files = (
				D4A6E8DC250075FB00393834 /* AccountsMergeUITests.swift in Sources */,
			);
			runOnlyForDeploymentPostprocessing = 0;
		};
/* End PBXSourcesBuildPhase section */

/* Begin PBXTargetDependency section */
		D4A6E8CE250075FB00393834 /* PBXTargetDependency */ = {
			isa = PBXTargetDependency;
			target = D4A6E8B2250075F800393834 /* AccountsMerge */;
			targetProxy = D4A6E8CD250075FB00393834 /* PBXContainerItemProxy */;
		};
		D4A6E8D9250075FB00393834 /* PBXTargetDependency */ = {
			isa = PBXTargetDependency;
			target = D4A6E8B2250075F800393834 /* AccountsMerge */;
			targetProxy = D4A6E8D8250075FB00393834 /* PBXContainerItemProxy */;
		};
/* End PBXTargetDependency section */

/* Begin PBXVariantGroup section */
		D4A6E8BC250075F800393834 /* Main.storyboard */ = {
			isa = PBXVariantGroup;
			children = (
				D4A6E8BD250075F800393834 /* Base */,
			);
			name = Main.storyboard;
			sourceTree = "<group>";
		};
		D4A6E8C4250075FB00393834 /* LaunchScreen.storyboard */ = {
			isa = PBXVariantGroup;
			children = (
				D4A6E8C5250075FB00393834 /* Base */,
			);
			name = LaunchScreen.storyboard;
			sourceTree = "<group>";
		};
/* End PBXVariantGroup section */

/* Begin XCBuildConfiguration section */
		D4A6E8DE250075FB00393834 /* Debug */ = {
			isa = XCBuildConfiguration;
			buildSettings = {
				ALWAYS_SEARCH_USER_PATHS = NO;
				CLANG_ANALYZER_NONNULL = YES;
				CLANG_ANALYZER_NUMBER_OBJECT_CONVERSION = YES_AGGRESSIVE;
				CLANG_CXX_LANGUAGE_STANDARD = "gnu++14";
				CLANG_CXX_LIBRARY = "libc++";
				CLANG_ENABLE_MODULES = YES;
				CLANG_ENABLE_OBJC_ARC = YES;
				CLANG_ENABLE_OBJC_WEAK = YES;
				CLANG_WARN_BLOCK_CAPTURE_AUTORELEASING = YES;
				CLANG_WARN_BOOL_CONVERSION = YES;
				CLANG_WARN_COMMA = YES;
				CLANG_WARN_CONSTANT_CONVERSION = YES;
				CLANG_WARN_DEPRECATED_OBJC_IMPLEMENTATIONS = YES;
				CLANG_WARN_DIRECT_OBJC_ISA_USAGE = YES_ERROR;
				CLANG_WARN_DOCUMENTATION_COMMENTS = YES;
				CLANG_WARN_EMPTY_BODY = YES;
				CLANG_WARN_ENUM_CONVERSION = YES;
				CLANG_WARN_INFINITE_RECURSION = YES;
				CLANG_WARN_INT_CONVERSION = YES;
				CLANG_WARN_NON_LITERAL_NULL_CONVERSION = YES;
				CLANG_WARN_OBJC_IMPLICIT_RETAIN_SELF = YES;
				CLANG_WARN_OBJC_LITERAL_CONVERSION = YES;
				CLANG_WARN_OBJC_ROOT_CLASS = YES_ERROR;
				CLANG_WARN_RANGE_LOOP_ANALYSIS = YES;
				CLANG_WARN_STRICT_PROTOTYPES = YES;
				CLANG_WARN_SUSPICIOUS_MOVE = YES;
				CLANG_WARN_UNGUARDED_AVAILABILITY = YES_AGGRESSIVE;
				CLANG_WARN_UNREACHABLE_CODE = YES;
				CLANG_WARN__DUPLICATE_METHOD_MATCH = YES;
				COPY_PHASE_STRIP = NO;
				DEBUG_INFORMATION_FORMAT = dwarf;
				ENABLE_STRICT_OBJC_MSGSEND = YES;
				ENABLE_TESTABILITY = YES;
				GCC_C_LANGUAGE_STANDARD = gnu11;
				GCC_DYNAMIC_NO_PIC = NO;
				GCC_NO_COMMON_BLOCKS = YES;
				GCC_OPTIMIZATION_LEVEL = 0;
				GCC_PREPROCESSOR_DEFINITIONS = (
					"DEBUG=1",
					"$(inherited)",
				);
				GCC_WARN_64_TO_32_BIT_CONVERSION = YES;
				GCC_WARN_ABOUT_RETURN_TYPE = YES_ERROR;
				GCC_WARN_UNDECLARED_SELECTOR = YES;
				GCC_WARN_UNINITIALIZED_AUTOS = YES_AGGRESSIVE;
				GCC_WARN_UNUSED_FUNCTION = YES;
				GCC_WARN_UNUSED_VARIABLE = YES;
				IPHONEOS_DEPLOYMENT_TARGET = 13.6;
				MTL_ENABLE_DEBUG_INFO = INCLUDE_SOURCE;
				MTL_FAST_MATH = YES;
				ONLY_ACTIVE_ARCH = YES;
				SDKROOT = iphoneos;
				SWIFT_ACTIVE_COMPILATION_CONDITIONS = DEBUG;
				SWIFT_OPTIMIZATION_LEVEL = "-Onone";
			};
			name = Debug;
		};
		D4A6E8DF250075FB00393834 /* Release */ = {
			isa = XCBuildConfiguration;
			buildSettings = {
				ALWAYS_SEARCH_USER_PATHS = NO;
				CLANG_ANALYZER_NONNULL = YES;
				CLANG_ANALYZER_NUMBER_OBJECT_CONVERSION = YES_AGGRESSIVE;
				CLANG_CXX_LANGUAGE_STANDARD = "gnu++14";
				CLANG_CXX_LIBRARY = "libc++";
				CLANG_ENABLE_MODULES = YES;
				CLANG_ENABLE_OBJC_ARC = YES;
				CLANG_ENABLE_OBJC_WEAK = YES;
				CLANG_WARN_BLOCK_CAPTURE_AUTORELEASING = YES;
				CLANG_WARN_BOOL_CONVERSION = YES;
				CLANG_WARN_COMMA = YES;
				CLANG_WARN_CONSTANT_CONVERSION = YES;
				CLANG_WARN_DEPRECATED_OBJC_IMPLEMENTATIONS = YES;
				CLANG_WARN_DIRECT_OBJC_ISA_USAGE = YES_ERROR;
				CLANG_WARN_DOCUMENTATION_COMMENTS = YES;
				CLANG_WARN_EMPTY_BODY = YES;
				CLANG_WARN_ENUM_CONVERSION = YES;
				CLANG_WARN_INFINITE_RECURSION = YES;
				CLANG_WARN_INT_CONVERSION = YES;
				CLANG_WARN_NON_LITERAL_NULL_CONVERSION = YES;
				CLANG_WARN_OBJC_IMPLICIT_RETAIN_SELF = YES;
				CLANG_WARN_OBJC_LITERAL_CONVERSION = YES;
				CLANG_WARN_OBJC_ROOT_CLASS = YES_ERROR;
				CLANG_WARN_RANGE_LOOP_ANALYSIS = YES;
				CLANG_WARN_STRICT_PROTOTYPES = YES;
				CLANG_WARN_SUSPICIOUS_MOVE = YES;
				CLANG_WARN_UNGUARDED_AVAILABILITY = YES_AGGRESSIVE;
				CLANG_WARN_UNREACHABLE_CODE = YES;
				CLANG_WARN__DUPLICATE_METHOD_MATCH = YES;
				COPY_PHASE_STRIP = NO;
				DEBUG_INFORMATION_FORMAT = "dwarf-with-dsym";
				ENABLE_NS_ASSERTIONS = NO;
				ENABLE_STRICT_OBJC_MSGSEND = YES;
				GCC_C_LANGUAGE_STANDARD = gnu11;
				GCC_NO_COMMON_BLOCKS = YES;
				GCC_WARN_64_TO_32_BIT_CONVERSION = YES;
				GCC_WARN_ABOUT_RETURN_TYPE = YES_ERROR;
				GCC_WARN_UNDECLARED_SELECTOR = YES;
				GCC_WARN_UNINITIALIZED_AUTOS = YES_AGGRESSIVE;
				GCC_WARN_UNUSED_FUNCTION = YES;
				GCC_WARN_UNUSED_VARIABLE = YES;
				IPHONEOS_DEPLOYMENT_TARGET = 13.6;
				MTL_ENABLE_DEBUG_INFO = NO;
				MTL_FAST_MATH = YES;
				SDKROOT = iphoneos;
				SWIFT_COMPILATION_MODE = wholemodule;
				SWIFT_OPTIMIZATION_LEVEL = "-O";
				VALIDATE_PRODUCT = YES;
			};
			name = Release;
		};
		D4A6E8E1250075FB00393834 /* Debug */ = {
			isa = XCBuildConfiguration;
			buildSettings = {
				ASSETCATALOG_COMPILER_APPICON_NAME = AppIcon;
				CODE_SIGN_STYLE = Automatic;
				DEVELOPMENT_TEAM = 7FBG6F9GR7;
				INFOPLIST_FILE = AccountsMerge/Info.plist;
				LD_RUNPATH_SEARCH_PATHS = (
					"$(inherited)",
					"@executable_path/Frameworks",
				);
				PRODUCT_BUNDLE_IDENTIFIER = com.mahima.AccountsMerge;
				PRODUCT_NAME = "$(TARGET_NAME)";
				SWIFT_VERSION = 5.0;
				TARGETED_DEVICE_FAMILY = "1,2";
			};
			name = Debug;
		};
		D4A6E8E2250075FB00393834 /* Release */ = {
			isa = XCBuildConfiguration;
			buildSettings = {
				ASSETCATALOG_COMPILER_APPICON_NAME = AppIcon;
				CODE_SIGN_STYLE = Automatic;
				DEVELOPMENT_TEAM = 7FBG6F9GR7;
				INFOPLIST_FILE = AccountsMerge/Info.plist;
				LD_RUNPATH_SEARCH_PATHS = (
					"$(inherited)",
					"@executable_path/Frameworks",
				);
				PRODUCT_BUNDLE_IDENTIFIER = com.mahima.AccountsMerge;
				PRODUCT_NAME = "$(TARGET_NAME)";
				SWIFT_VERSION = 5.0;
				TARGETED_DEVICE_FAMILY = "1,2";
			};
			name = Release;
		};
		D4A6E8E4250075FB00393834 /* Debug */ = {
			isa = XCBuildConfiguration;
			buildSettings = {
				ALWAYS_EMBED_SWIFT_STANDARD_LIBRARIES = YES;
				BUNDLE_LOADER = "$(TEST_HOST)";
				CODE_SIGN_STYLE = Automatic;
				DEVELOPMENT_TEAM = 7FBG6F9GR7;
				INFOPLIST_FILE = AccountsMergeTests/Info.plist;
				IPHONEOS_DEPLOYMENT_TARGET = 13.6;
				LD_RUNPATH_SEARCH_PATHS = (
					"$(inherited)",
					"@executable_path/Frameworks",
					"@loader_path/Frameworks",
				);
				PRODUCT_BUNDLE_IDENTIFIER = com.mahima.AccountsMergeTests;
				PRODUCT_NAME = "$(TARGET_NAME)";
				SWIFT_VERSION = 5.0;
				TARGETED_DEVICE_FAMILY = "1,2";
				TEST_HOST = "$(BUILT_PRODUCTS_DIR)/AccountsMerge.app/AccountsMerge";
			};
			name = Debug;
		};
		D4A6E8E5250075FB00393834 /* Release */ = {
			isa = XCBuildConfiguration;
			buildSettings = {
				ALWAYS_EMBED_SWIFT_STANDARD_LIBRARIES = YES;
				BUNDLE_LOADER = "$(TEST_HOST)";
				CODE_SIGN_STYLE = Automatic;
				DEVELOPMENT_TEAM = 7FBG6F9GR7;
				INFOPLIST_FILE = AccountsMergeTests/Info.plist;
				IPHONEOS_DEPLOYMENT_TARGET = 13.6;
				LD_RUNPATH_SEARCH_PATHS = (
					"$(inherited)",
					"@executable_path/Frameworks",
					"@loader_path/Frameworks",
				);
				PRODUCT_BUNDLE_IDENTIFIER = com.mahima.AccountsMergeTests;
				PRODUCT_NAME = "$(TARGET_NAME)";
				SWIFT_VERSION = 5.0;
				TARGETED_DEVICE_FAMILY = "1,2";
				TEST_HOST = "$(BUILT_PRODUCTS_DIR)/AccountsMerge.app/AccountsMerge";
			};
			name = Release;
		};
		D4A6E8E7250075FB00393834 /* Debug */ = {
			isa = XCBuildConfiguration;
			buildSettings = {
				ALWAYS_EMBED_SWIFT_STANDARD_LIBRARIES = YES;
				CODE_SIGN_STYLE = Automatic;
				DEVELOPMENT_TEAM = 7FBG6F9GR7;
				INFOPLIST_FILE = AccountsMergeUITests/Info.plist;
				LD_RUNPATH_SEARCH_PATHS = (
					"$(inherited)",
					"@executable_path/Frameworks",
					"@loader_path/Frameworks",
				);
				PRODUCT_BUNDLE_IDENTIFIER = com.mahima.AccountsMergeUITests;
				PRODUCT_NAME = "$(TARGET_NAME)";
				SWIFT_VERSION = 5.0;
				TARGETED_DEVICE_FAMILY = "1,2";
				TEST_TARGET_NAME = AccountsMerge;
			};
			name = Debug;
		};
		D4A6E8E8250075FB00393834 /* Release */ = {
			isa = XCBuildConfiguration;
			buildSettings = {
				ALWAYS_EMBED_SWIFT_STANDARD_LIBRARIES = YES;
				CODE_SIGN_STYLE = Automatic;
				DEVELOPMENT_TEAM = 7FBG6F9GR7;
				INFOPLIST_FILE = AccountsMergeUITests/Info.plist;
				LD_RUNPATH_SEARCH_PATHS = (
					"$(inherited)",
					"@executable_path/Frameworks",
					"@loader_path/Frameworks",
				);
				PRODUCT_BUNDLE_IDENTIFIER = com.mahima.AccountsMergeUITests;
				PRODUCT_NAME = "$(TARGET_NAME)";
				SWIFT_VERSION = 5.0;
				TARGETED_DEVICE_FAMILY = "1,2";
				TEST_TARGET_NAME = AccountsMerge;
			};
			name = Release;
		};
/* End XCBuildConfiguration section */

/* Begin XCConfigurationList section */
		D4A6E8AE250075F800393834 /* Build configuration list for PBXProject "AccountsMerge" */ = {
			isa = XCConfigurationList;
			buildConfigurations = (
				D4A6E8DE250075FB00393834 /* Debug */,
				D4A6E8DF250075FB00393834 /* Release */,
			);
			defaultConfigurationIsVisible = 0;
			defaultConfigurationName = Release;
		};
		D4A6E8E0250075FB00393834 /* Build configuration list for PBXNativeTarget "AccountsMerge" */ = {
			isa = XCConfigurationList;
			buildConfigurations = (
				D4A6E8E1250075FB00393834 /* Debug */,
				D4A6E8E2250075FB00393834 /* Release */,
			);
			defaultConfigurationIsVisible = 0;
			defaultConfigurationName = Release;
		};
		D4A6E8E3250075FB00393834 /* Build configuration list for PBXNativeTarget "AccountsMergeTests" */ = {
			isa = XCConfigurationList;
			buildConfigurations = (
				D4A6E8E4250075FB00393834 /* Debug */,
				D4A6E8E5250075FB00393834 /* Release */,
			);
			defaultConfigurationIsVisible = 0;
			defaultConfigurationName = Release;
		};
		D4A6E8E6250075FB00393834 /* Build configuration list for PBXNativeTarget "AccountsMergeUITests" */ = {
			isa = XCConfigurationList;
			buildConfigurations = (
				D4A6E8E7250075FB00393834 /* Debug */,
				D4A6E8E8250075FB00393834 /* Release */,
			);
			defaultConfigurationIsVisible = 0;
			defaultConfigurationName = Release;
		};
/* End XCConfigurationList section */

/* Begin XCVersionGroup section */
		D4A6E8BF250075F800393834 /* AccountsMerge.xcdatamodeld */ = {
			isa = XCVersionGroup;
			children = (
				D4A6E8C0250075F800393834 /* AccountsMerge.xcdatamodel */,
			);
			currentVersion = D4A6E8C0250075F800393834 /* AccountsMerge.xcdatamodel */;
			path = AccountsMerge.xcdatamodeld;
			sourceTree = "<group>";
			versionGroupType = wrapper.xcdatamodel;
		};
/* End XCVersionGroup section */
	};
	rootObject = D4A6E8AB250075F800393834 /* Project object */;
}
